
Microsoft Visual Studio Solution File, Format Version 12.00
# Visual Studio Version 16
VisualStudioVersion = 16.0.30309.148
MinimumVisualStudioVersion = 10.0.40219.1
Project("{9A19103F-16F7-4668-BE54-9A1E7A4F7556}") = "DatingAppNew", "DatingAppNew\DatingAppNew.csproj", "{42A74468-ECE7-493E-B4B7-6DA3F0AF23B8}"
EndProject
Global
	GlobalSection(SolutionConfigurationPlatforms) = preSolution
		Debug|Any CPU = Debug|Any CPU
		Release|Any CPU = Release|Any CPU
	EndGlobalSection
	GlobalSection(ProjectConfigurationPlatforms) = postSolution
		{42A74468-ECE7-493E-B4B7-6DA3F0AF23B8}.Debug|Any CPU.ActiveCfg = Debug|Any CPU
		{42A74468-ECE7-493E-B4B7-6DA3F0AF23B8}.Debug|Any CPU.Build.0 = Debug|Any CPU
		{42A74468-ECE7-493E-B4B7-6DA3F0AF23B8}.Release|Any CPU.ActiveCfg = Release|Any CPU
		{42A74468-ECE7-493E-B4B7-6DA3F0AF23B8}.Release|Any CPU.Build.0 = Release|Any CPU
	EndGlobalSection
	GlobalSection(SolutionProperties) = preSolution
		HideSolutionNode = FALSE
	EndGlobalSection
	GlobalSection(ExtensibilityGlobals) = postSolution
		SolutionGuid = {CA2E6098-05C3-421F-99C4-3D1187FF56E0}
	EndGlobalSection
EndGlobal
